
Microsoft Visual Studio Solution File, Format Version 12.00
# Visual Studio Express 2012 for Windows Desktop
Project("{FAE04EC0-301F-11D3-BF4B-00C04F79EFBC}") = "ShogiBoard", "ShogiBoard\ShogiBoard.csproj", "{97EC7002-42C8-473D-9800-4E7EE9794DEB}"
EndProject
Project("{FAE04EC0-301F-11D3-BF4B-00C04F79EFBC}") = "ShogiCore", "..\ShogiCore\ShogiCore\ShogiCore.csproj", "{42A35C23-9A76-4DD4-98ED-AA1EB3D757CD}"
EndProject
Global
	GlobalSection(SolutionConfigurationPlatforms) = preSolution
		Debug|Any CPU = Debug|Any CPU
		Release|Any CPU = Release|Any CPU
	EndGlobalSection
	GlobalSection(ProjectConfigurationPlatforms) = postSolution
		{97EC7002-42C8-473D-9800-4E7EE9794DEB}.Debug|Any CPU.ActiveCfg = Debug|Any CPU
		{97EC7002-42C8-473D-9800-4E7EE9794DEB}.Debug|Any CPU.Build.0 = Debug|Any CPU
		{97EC7002-42C8-473D-9800-4E7EE9794DEB}.Debug|Any CPU.Deploy.0 = Debug|Any CPU
		{97EC7002-42C8-473D-9800-4E7EE9794DEB}.Release|Any CPU.ActiveCfg = Release|Any CPU
		{97EC7002-42C8-473D-9800-4E7EE9794DEB}.Release|Any CPU.Build.0 = Release|Any CPU
		{42A35C23-9A76-4DD4-98ED-AA1EB3D757CD}.Debug|Any CPU.ActiveCfg = Debug|Any CPU
		{42A35C23-9A76-4DD4-98ED-AA1EB3D757CD}.Debug|Any CPU.Build.0 = Debug|Any CPU
		{42A35C23-9A76-4DD4-98ED-AA1EB3D757CD}.Release|Any CPU.ActiveCfg = Release|Any CPU
		{42A35C23-9A76-4DD4-98ED-AA1EB3D757CD}.Release|Any CPU.Build.0 = Release|Any CPU
	EndGlobalSection
	GlobalSection(SolutionProperties) = preSolution
		HideSolutionNode = FALSE
	EndGlobalSection
EndGlobal
